
Microsoft Visual Studio Solution File, Format Version 12.00
# Visual Studio Version 17
VisualStudioVersion = 17.2.32526.322
MinimumVisualStudioVersion = 10.0.40219.1
Project("{8BC9CEB8-8B4A-11D0-8D11-00A0C91BC942}") = "圆排列问题", "圆排列问题.vcxproj", "{C3F90B79-42CC-41FE-9CBB-27AB7414D00D}"
EndProject
Global
	GlobalSection(SolutionConfigurationPlatforms) = preSolution
		Debug|x64 = Debug|x64
		Debug|x86 = Debug|x86
		Release|x64 = Release|x64
		Release|x86 = Release|x86
	EndGlobalSection
	GlobalSection(ProjectConfigurationPlatforms) = postSolution
		{C3F90B79-42CC-41FE-9CBB-27AB7414D00D}.Debug|x64.ActiveCfg = Debug|x64
		{C3F90B79-42CC-41FE-9CBB-27AB7414D00D}.Debug|x64.Build.0 = Debug|x64
		{C3F90B79-42CC-41FE-9CBB-27AB7414D00D}.Debug|x86.ActiveCfg = Debug|Win32
		{C3F90B79-42CC-41FE-9CBB-27AB7414D00D}.Debug|x86.Build.0 = Debug|Win32
		{C3F90B79-42CC-41FE-9CBB-27AB7414D00D}.Release|x64.ActiveCfg = Release|x64
		{C3F90B79-42CC-41FE-9CBB-27AB7414D00D}.Release|x64.Build.0 = Release|x64
		{C3F90B79-42CC-41FE-9CBB-27AB7414D00D}.Release|x86.ActiveCfg = Release|Win32
		{C3F90B79-42CC-41FE-9CBB-27AB7414D00D}.Release|x86.Build.0 = Release|Win32
	EndGlobalSection
	GlobalSection(SolutionProperties) = preSolution
		HideSolutionNode = FALSE
	EndGlobalSection
	GlobalSection(ExtensibilityGlobals) = postSolution
		SolutionGuid = {4FE569A7-7AE2-4A14-B3AB-0E211A2DE918}
	EndGlobalSection
EndGlobal
