
Microsoft Visual Studio Solution File, Format Version 12.00
# Visual Studio Version 16
VisualStudioVersion = 16.0.32126.315
MinimumVisualStudioVersion = 10.0.40219.1
Project("{8BC9CEB8-8B4A-11D0-8D11-00A0C91BC942}") = "约翰会计师", "约翰会计师.vcxproj", "{C8E167AE-E21B-47F6-8F1A-C2FFB064043E}"
EndProject
Global
	GlobalSection(SolutionConfigurationPlatforms) = preSolution
		Debug|x64 = Debug|x64
		Debug|x86 = Debug|x86
		Release|x64 = Release|x64
		Release|x86 = Release|x86
	EndGlobalSection
	GlobalSection(ProjectConfigurationPlatforms) = postSolution
		{C8E167AE-E21B-47F6-8F1A-C2FFB064043E}.Debug|x64.ActiveCfg = Debug|x64
		{C8E167AE-E21B-47F6-8F1A-C2FFB064043E}.Debug|x64.Build.0 = Debug|x64
		{C8E167AE-E21B-47F6-8F1A-C2FFB064043E}.Debug|x86.ActiveCfg = Debug|Win32
		{C8E167AE-E21B-47F6-8F1A-C2FFB064043E}.Debug|x86.Build.0 = Debug|Win32
		{C8E167AE-E21B-47F6-8F1A-C2FFB064043E}.Release|x64.ActiveCfg = Release|x64
		{C8E167AE-E21B-47F6-8F1A-C2FFB064043E}.Release|x64.Build.0 = Release|x64
		{C8E167AE-E21B-47F6-8F1A-C2FFB064043E}.Release|x86.ActiveCfg = Release|Win32
		{C8E167AE-E21B-47F6-8F1A-C2FFB064043E}.Release|x86.Build.0 = Release|Win32
	EndGlobalSection
	GlobalSection(SolutionProperties) = preSolution
		HideSolutionNode = FALSE
	EndGlobalSection
	GlobalSection(ExtensibilityGlobals) = postSolution
		SolutionGuid = {8F5AE006-564C-42A5-A3F1-620BDF442699}
	EndGlobalSection
EndGlobal
