
Microsoft Visual Studio Solution File, Format Version 12.00
# Visual Studio Version 17
VisualStudioVersion = 17.1.32319.34
MinimumVisualStudioVersion = 10.0.40219.1
Project("{8BC9CEB8-8B4A-11D0-8D11-00A0C91BC942}") = "手撕红黑树", "手撕红黑树.vcxproj", "{FFDC9468-1101-4D79-9CFB-0454D8B5373B}"
EndProject
Global
	GlobalSection(SolutionConfigurationPlatforms) = preSolution
		Debug|x64 = Debug|x64
		Debug|x86 = Debug|x86
		Release|x64 = Release|x64
		Release|x86 = Release|x86
	EndGlobalSection
	GlobalSection(ProjectConfigurationPlatforms) = postSolution
		{FFDC9468-1101-4D79-9CFB-0454D8B5373B}.Debug|x64.ActiveCfg = Debug|x64
		{FFDC9468-1101-4D79-9CFB-0454D8B5373B}.Debug|x64.Build.0 = Debug|x64
		{FFDC9468-1101-4D79-9CFB-0454D8B5373B}.Debug|x86.ActiveCfg = Debug|Win32
		{FFDC9468-1101-4D79-9CFB-0454D8B5373B}.Debug|x86.Build.0 = Debug|Win32
		{FFDC9468-1101-4D79-9CFB-0454D8B5373B}.Release|x64.ActiveCfg = Release|x64
		{FFDC9468-1101-4D79-9CFB-0454D8B5373B}.Release|x64.Build.0 = Release|x64
		{FFDC9468-1101-4D79-9CFB-0454D8B5373B}.Release|x86.ActiveCfg = Release|Win32
		{FFDC9468-1101-4D79-9CFB-0454D8B5373B}.Release|x86.Build.0 = Release|Win32
	EndGlobalSection
	GlobalSection(SolutionProperties) = preSolution
		HideSolutionNode = FALSE
	EndGlobalSection
	GlobalSection(ExtensibilityGlobals) = postSolution
		SolutionGuid = {B3B363BA-CC84-4887-B855-2A7698B34178}
	EndGlobalSection
EndGlobal
