
Microsoft Visual Studio Solution File, Format Version 12.00
# Visual Studio Version 17
VisualStudioVersion = 17.1.32319.34
MinimumVisualStudioVersion = 10.0.40219.1
Project("{8BC9CEB8-8B4A-11D0-8D11-00A0C91BC942}") = "Hex", "Hex.vcxproj", "{5B1BA7F8-CC0A-4D27-A80E-26BAA624A496}"
EndProject
Global
	GlobalSection(SolutionConfigurationPlatforms) = preSolution
		Debug|x64 = Debug|x64
		Debug|x86 = Debug|x86
		Release|x64 = Release|x64
		Release|x86 = Release|x86
	EndGlobalSection
	GlobalSection(ProjectConfigurationPlatforms) = postSolution
		{5B1BA7F8-CC0A-4D27-A80E-26BAA624A496}.Debug|x64.ActiveCfg = Debug|x64
		{5B1BA7F8-CC0A-4D27-A80E-26BAA624A496}.Debug|x64.Build.0 = Debug|x64
		{5B1BA7F8-CC0A-4D27-A80E-26BAA624A496}.Debug|x86.ActiveCfg = Debug|Win32
		{5B1BA7F8-CC0A-4D27-A80E-26BAA624A496}.Debug|x86.Build.0 = Debug|Win32
		{5B1BA7F8-CC0A-4D27-A80E-26BAA624A496}.Release|x64.ActiveCfg = Release|x64
		{5B1BA7F8-CC0A-4D27-A80E-26BAA624A496}.Release|x64.Build.0 = Release|x64
		{5B1BA7F8-CC0A-4D27-A80E-26BAA624A496}.Release|x86.ActiveCfg = Release|Win32
		{5B1BA7F8-CC0A-4D27-A80E-26BAA624A496}.Release|x86.Build.0 = Release|Win32
	EndGlobalSection
	GlobalSection(SolutionProperties) = preSolution
		HideSolutionNode = FALSE
	EndGlobalSection
	GlobalSection(ExtensibilityGlobals) = postSolution
		SolutionGuid = {0D221E38-A96A-408F-B0A2-6420E543D58B}
	EndGlobalSection
EndGlobal
