
Microsoft Visual Studio Solution File, Format Version 12.00
# Visual Studio Version 17
VisualStudioVersion = 17.1.32421.90
MinimumVisualStudioVersion = 10.0.40219.1
Project("{8BC9CEB8-8B4A-11D0-8D11-00A0C91BC942}") = "算法test1", "算法test1.vcxproj", "{5FE043DF-1FB7-4C52-80B5-6CB309D5776B}"
EndProject
Global
	GlobalSection(SolutionConfigurationPlatforms) = preSolution
		Debug|x64 = Debug|x64
		Debug|x86 = Debug|x86
		Release|x64 = Release|x64
		Release|x86 = Release|x86
	EndGlobalSection
	GlobalSection(ProjectConfigurationPlatforms) = postSolution
		{5FE043DF-1FB7-4C52-80B5-6CB309D5776B}.Debug|x64.ActiveCfg = Debug|x64
		{5FE043DF-1FB7-4C52-80B5-6CB309D5776B}.Debug|x64.Build.0 = Debug|x64
		{5FE043DF-1FB7-4C52-80B5-6CB309D5776B}.Debug|x86.ActiveCfg = Debug|Win32
		{5FE043DF-1FB7-4C52-80B5-6CB309D5776B}.Debug|x86.Build.0 = Debug|Win32
		{5FE043DF-1FB7-4C52-80B5-6CB309D5776B}.Release|x64.ActiveCfg = Release|x64
		{5FE043DF-1FB7-4C52-80B5-6CB309D5776B}.Release|x64.Build.0 = Release|x64
		{5FE043DF-1FB7-4C52-80B5-6CB309D5776B}.Release|x86.ActiveCfg = Release|Win32
		{5FE043DF-1FB7-4C52-80B5-6CB309D5776B}.Release|x86.Build.0 = Release|Win32
	EndGlobalSection
	GlobalSection(SolutionProperties) = preSolution
		HideSolutionNode = FALSE
	EndGlobalSection
	GlobalSection(ExtensibilityGlobals) = postSolution
		SolutionGuid = {B6ABD642-6C48-4DF5-AB76-F8F19A06F492}
	EndGlobalSection
EndGlobal
